
Microsoft Visual Studio Solution File, Format Version 12.00
# Visual Studio 14
VisualStudioVersion = 14.0.25420.1
MinimumVisualStudioVersion = 10.0.40219.1
Project("{FAE04EC0-301F-11D3-BF4B-00C04F79EFBC}") = "Kaizen", "Kaizen\Kaizen.csproj", "{8C188F66-BC3A-44CF-AF9E-0EE92B4FF60C}"
EndProject
Project("{FAE04EC0-301F-11D3-BF4B-00C04F79EFBC}") = "Kaizen.Tests", "Kaizen.Tests\Kaizen.Tests.csproj", "{FDD9A1FC-9A26-4407-A050-D0D98255DA69}"
EndProject
Global
	GlobalSection(SolutionConfigurationPlatforms) = preSolution
		Debug|Any CPU = Debug|Any CPU
		Release|Any CPU = Release|Any CPU
	EndGlobalSection
	GlobalSection(ProjectConfigurationPlatforms) = postSolution
		{8C188F66-BC3A-44CF-AF9E-0EE92B4FF60C}.Debug|Any CPU.ActiveCfg = Debug|Any CPU
		{8C188F66-BC3A-44CF-AF9E-0EE92B4FF60C}.Debug|Any CPU.Build.0 = Debug|Any CPU
		{8C188F66-BC3A-44CF-AF9E-0EE92B4FF60C}.Release|Any CPU.ActiveCfg = Release|Any CPU
		{8C188F66-BC3A-44CF-AF9E-0EE92B4FF60C}.Release|Any CPU.Build.0 = Release|Any CPU
		{FDD9A1FC-9A26-4407-A050-D0D98255DA69}.Debug|Any CPU.ActiveCfg = Debug|Any CPU
		{FDD9A1FC-9A26-4407-A050-D0D98255DA69}.Debug|Any CPU.Build.0 = Debug|Any CPU
		{FDD9A1FC-9A26-4407-A050-D0D98255DA69}.Release|Any CPU.ActiveCfg = Release|Any CPU
		{FDD9A1FC-9A26-4407-A050-D0D98255DA69}.Release|Any CPU.Build.0 = Release|Any CPU
	EndGlobalSection
	GlobalSection(SolutionProperties) = preSolution
		HideSolutionNode = FALSE
	EndGlobalSection
EndGlobal
